
Microsoft Visual Studio Solution File, Format Version 12.00
# Visual Studio Version 16
VisualStudioVersion = 16.0.32228.343
MinimumVisualStudioVersion = 10.0.40219.1
Project("{FAE04EC0-301F-11D3-BF4B-00C04F79EFBC}") = "ImportData", "ImportData\ImportData.csproj", "{EA770213-104C-4472-93F6-9A1D647976BD}"
EndProject
Global
	GlobalSection(SolutionConfigurationPlatforms) = preSolution
		Debug|Any CPU = Debug|Any CPU
		Release|Any CPU = Release|Any CPU
	EndGlobalSection
	GlobalSection(ProjectConfigurationPlatforms) = postSolution
		{EA770213-104C-4472-93F6-9A1D647976BD}.Debug|Any CPU.ActiveCfg = Debug|Any CPU
		{EA770213-104C-4472-93F6-9A1D647976BD}.Debug|Any CPU.Build.0 = Debug|Any CPU
		{EA770213-104C-4472-93F6-9A1D647976BD}.Release|Any CPU.ActiveCfg = Release|Any CPU
		{EA770213-104C-4472-93F6-9A1D647976BD}.Release|Any CPU.Build.0 = Release|Any CPU
	EndGlobalSection
	GlobalSection(SolutionProperties) = preSolution
		HideSolutionNode = FALSE
	EndGlobalSection
	GlobalSection(ExtensibilityGlobals) = postSolution
		SolutionGuid = {D98A63A6-B57D-4CFA-BA95-A2C9F53416E8}
	EndGlobalSection
EndGlobal
